
Microsoft Visual Studio Solution File, Format Version 12.00
# Visual Studio 15
VisualStudioVersion = 15.0.28307.168
MinimumVisualStudioVersion = 10.0.40219.1
Project("{FAE04EC0-301F-11D3-BF4B-00C04F79EFBC}") = "MathParser", "MathParser\MathParser.csproj", "{FB1F9EBF-B3ED-4934-98D2-A2857F412160}"
EndProject
Project("{FAE04EC0-301F-11D3-BF4B-00C04F79EFBC}") = "MathParserRunner", "MathParserRunner\MathParserRunner.csproj", "{5005389B-808D-4892-BB49-8C992CBB9904}"
EndProject
Global
	GlobalSection(SolutionConfigurationPlatforms) = preSolution
		Debug|Any CPU = Debug|Any CPU
		Release|Any CPU = Release|Any CPU
	EndGlobalSection
	GlobalSection(ProjectConfigurationPlatforms) = postSolution
		{FB1F9EBF-B3ED-4934-98D2-A2857F412160}.Debug|Any CPU.ActiveCfg = Debug|Any CPU
		{FB1F9EBF-B3ED-4934-98D2-A2857F412160}.Debug|Any CPU.Build.0 = Debug|Any CPU
		{FB1F9EBF-B3ED-4934-98D2-A2857F412160}.Release|Any CPU.ActiveCfg = Release|Any CPU
		{FB1F9EBF-B3ED-4934-98D2-A2857F412160}.Release|Any CPU.Build.0 = Release|Any CPU
		{5005389B-808D-4892-BB49-8C992CBB9904}.Debug|Any CPU.ActiveCfg = Debug|Any CPU
		{5005389B-808D-4892-BB49-8C992CBB9904}.Debug|Any CPU.Build.0 = Debug|Any CPU
		{5005389B-808D-4892-BB49-8C992CBB9904}.Release|Any CPU.ActiveCfg = Release|Any CPU
		{5005389B-808D-4892-BB49-8C992CBB9904}.Release|Any CPU.Build.0 = Release|Any CPU
	EndGlobalSection
	GlobalSection(SolutionProperties) = preSolution
		HideSolutionNode = FALSE
	EndGlobalSection
	GlobalSection(ExtensibilityGlobals) = postSolution
		SolutionGuid = {D52C2CB2-E047-46A5-A1B5-C45477736CED}
	EndGlobalSection
EndGlobal
